
Microsoft Visual Studio Solution File, Format Version 12.00
# Visual Studio Version 17
VisualStudioVersion = 17.9.34607.119
MinimumVisualStudioVersion = 10.0.40219.1
Project("{9A19103F-16F7-4668-BE54-9A1E7A4F7556}") = "ConsoleMobile", "ConsoleMobile.csproj", "{0CFC5E20-2838-415D-88A6-50E4945D43CD}"
EndProject
Global
	GlobalSection(SolutionConfigurationPlatforms) = preSolution
		Debug|Any CPU = Debug|Any CPU
		Release|Any CPU = Release|Any CPU
	EndGlobalSection
	GlobalSection(ProjectConfigurationPlatforms) = postSolution
		{0CFC5E20-2838-415D-88A6-50E4945D43CD}.Debug|Any CPU.ActiveCfg = Debug|Any CPU
		{0CFC5E20-2838-415D-88A6-50E4945D43CD}.Debug|Any CPU.Build.0 = Debug|Any CPU
		{0CFC5E20-2838-415D-88A6-50E4945D43CD}.Release|Any CPU.ActiveCfg = Release|Any CPU
		{0CFC5E20-2838-415D-88A6-50E4945D43CD}.Release|Any CPU.Build.0 = Release|Any CPU
	EndGlobalSection
	GlobalSection(SolutionProperties) = preSolution
		HideSolutionNode = FALSE
	EndGlobalSection
	GlobalSection(ExtensibilityGlobals) = postSolution
		SolutionGuid = {FCC0267A-647D-433D-9691-E886094C6A18}
	EndGlobalSection
EndGlobal
